// !$*UTF8*$!
{
	archiveVersion = 1;
	classes = {
	};
	objectVersion = 46;
	objects = {

/* Begin PBXBuildFile section */
		700D276C1C1752E70040820E /* AppDelegate.swift in Sources */ = {isa = PBXBuildFile; fileRef = 700D276B1C1752E70040820E /* AppDelegate.swift */; };
		700D276E1C1752E70040820E /* TextViewSampleViewController.swift in Sources */ = {isa = PBXBuildFile; fileRef = 700D276D1C1752E70040820E /* TextViewSampleViewController.swift */; };
		700D27711C1752E70040820E /* Main.storyboard in Resources */ = {isa = PBXBuildFile; fileRef = 700D276F1C1752E70040820E /* Main.storyboard */; };
		700D27731C1752E70040820E /* Assets.xcassets in Resources */ = {isa = PBXBuildFile; fileRef = 700D27721C1752E70040820E /* Assets.xcassets */; };
		700D27761C1752E70040820E /* LaunchScreen.storyboard in Resources */ = {isa = PBXBuildFile; fileRef = 700D27741C1752E70040820E /* LaunchScreen.storyboard */; };
		7022E4401C8E0579006F4446 /* HashtagableTextViewDelegate.swift in Sources */ = {isa = PBXBuildFile; fileRef = 7022E43F1C8E0579006F4446 /* HashtagableTextViewDelegate.swift */; };
		706CC9921C88F35C00BBF885 /* TextFieldSampleViewController.swift in Sources */ = {isa = PBXBuildFile; fileRef = 706CC9911C88F35C00BBF885 /* TextFieldSampleViewController.swift */; };
/* End PBXBuildFile section */

/* Begin PBXFileReference section */
		700D27681C1752E70040820E /* HashtagableTextView.app */ = {isa = PBXFileReference; explicitFileType = wrapper.application; includeInIndex = 0; path = HashtagableTextView.app; sourceTree = BUILT_PRODUCTS_DIR; };
		700D276B1C1752E70040820E /* AppDelegate.swift */ = {isa = PBXFileReference; lastKnownFileType = sourcecode.swift; path = AppDelegate.swift; sourceTree = "<group>"; };
		700D276D1C1752E70040820E /* TextViewSampleViewController.swift */ = {isa = PBXFileReference; lastKnownFileType = sourcecode.swift; path = TextViewSampleViewController.swift; sourceTree = "<group>"; };
		700D27701C1752E70040820E /* Base */ = {isa = PBXFileReference; lastKnownFileType = file.storyboard; name = Base; path = Base.lproj/Main.storyboard; sourceTree = "<group>"; };
		700D27721C1752E70040820E /* Assets.xcassets */ = {isa = PBXFileReference; lastKnownFileType = folder.assetcatalog; path = Assets.xcassets; sourceTree = "<group>"; };
		700D27751C1752E70040820E /* Base */ = {isa = PBXFileReference; lastKnownFileType = file.storyboard; name = Base; path = Base.lproj/LaunchScreen.storyboard; sourceTree = "<group>"; };
		700D27771C1752E70040820E /* Info.plist */ = {isa = PBXFileReference; lastKnownFileType = text.plist.xml; path = Info.plist; sourceTree = "<group>"; };
		7022E43F1C8E0579006F4446 /* HashtagableTextViewDelegate.swift */ = {isa = PBXFileReference; fileEncoding = 4; lastKnownFileType = sourcecode.swift; path = HashtagableTextViewDelegate.swift; sourceTree = "<group>"; };
		706CC9911C88F35C00BBF885 /* TextFieldSampleViewController.swift */ = {isa = PBXFileReference; fileEncoding = 4; lastKnownFileType = sourcecode.swift; path = TextFieldSampleViewController.swift; sourceTree = "<group>"; };
/* End PBXFileReference section */

/* Begin PBXFrameworksBuildPhase section */
		700D27651C1752E70040820E /* Frameworks */ = {
			isa = PBXFrameworksBuildPhase;
			buildActionMask = 2147483647;
			files = (
			);
			runOnlyForDeploymentPostprocessing = 0;
		};
/* End PBXFrameworksBuildPhase section */

/* Begin PBXGroup section */
		700D275F1C1752E70040820E = {
			isa = PBXGroup;
			children = (
				700D276A1C1752E70040820E /* HashtagableTextView */,
				700D27691C1752E70040820E /* Products */,
			);
			sourceTree = "<group>";
		};
		700D27691C1752E70040820E /* Products */ = {
			isa = PBXGroup;
			children = (
				700D27681C1752E70040820E /* HashtagableTextView.app */,
			);
			name = Products;
			sourceTree = "<group>";
		};
		700D276A1C1752E70040820E /* HashtagableTextView */ = {
			isa = PBXGroup;
			children = (
				700D276B1C1752E70040820E /* AppDelegate.swift */,
				700D27721C1752E70040820E /* Assets.xcassets */,
				7022E43F1C8E0579006F4446 /* HashtagableTextViewDelegate.swift */,
				700D27771C1752E70040820E /* Info.plist */,
				700D27741C1752E70040820E /* LaunchScreen.storyboard */,
				700D276F1C1752E70040820E /* Main.storyboard */,
				706CC9911C88F35C00BBF885 /* TextFieldSampleViewController.swift */,
				700D276D1C1752E70040820E /* TextViewSampleViewController.swift */,
			);
			path = HashtagableTextView;
			sourceTree = "<group>";
		};
/* End PBXGroup section */

/* Begin PBXNativeTarget section */
		700D27671C1752E70040820E /* HashtagableTextView */ = {
			isa = PBXNativeTarget;
			buildConfigurationList = 700D277A1C1752E70040820E /* Build configuration list for PBXNativeTarget "HashtagableTextView" */;
			buildPhases = (
				700D27641C1752E70040820E /* Sources */,
				700D27651C1752E70040820E /* Frameworks */,
				700D27661C1752E70040820E /* Resources */,
			);
			buildRules = (
			);
			dependencies = (
			);
			name = HashtagableTextView;
			productName = HashtagableTextView;
			productReference = 700D27681C1752E70040820E /* HashtagableTextView.app */;
			productType = "com.apple.product-type.application";
		};
/* End PBXNativeTarget section */

/* Begin PBXProject section */
		700D27601C1752E70040820E /* Project object */ = {
			isa = PBXProject;
			attributes = {
				LastSwiftUpdateCheck = 0710;
				LastUpgradeCheck = 0710;
				ORGANIZATIONNAME = albertbori;
				TargetAttributes = {
					700D27671C1752E70040820E = {
						CreatedOnToolsVersion = 7.1.1;
						DevelopmentTeam = 5JH3Q66K98;
					};
				};
			};
			buildConfigurationList = 700D27631C1752E70040820E /* Build configuration list for PBXProject "HashtagableTextView" */;
			compatibilityVersion = "Xcode 3.2";
			developmentRegion = English;
			hasScannedForEncodings = 0;
			knownRegions = (
				en,
				Base,
			);
			mainGroup = 700D275F1C1752E70040820E;
			productRefGroup = 700D27691C1752E70040820E /* Products */;
			projectDirPath = "";
			projectRoot = "";
			targets = (
				700D27671C1752E70040820E /* HashtagableTextView */,
			);
		};
/* End PBXProject section */

/* Begin PBXResourcesBuildPhase section */
		700D27661C1752E70040820E /* Resources */ = {
			isa = PBXResourcesBuildPhase;
			buildActionMask = 2147483647;
			files = (
				700D27761C1752E70040820E /* LaunchScreen.storyboard in Resources */,
				700D27731C1752E70040820E /* Assets.xcassets in Resources */,
				700D27711C1752E70040820E /* Main.storyboard in Resources */,
			);
			runOnlyForDeploymentPostprocessing = 0;
		};
/* End PBXResourcesBuildPhase section */

/* Begin PBXSourcesBuildPhase section */
		700D27641C1752E70040820E /* Sources */ = {
			isa = PBXSourcesBuildPhase;
			buildActionMask = 2147483647;
			files = (
				706CC9921C88F35C00BBF885 /* TextFieldSampleViewController.swift in Sources */,
				700D276E1C1752E70040820E /* TextViewSampleViewController.swift in Sources */,
				700D276C1C1752E70040820E /* AppDelegate.swift in Sources */,
				7022E4401C8E0579006F4446 /* HashtagableTextViewDelegate.swift in Sources */,
			);
			runOnlyForDeploymentPostprocessing = 0;
		};
/* End PBXSourcesBuildPhase section */

/* Begin PBXVariantGroup section */
		700D276F1C1752E70040820E /* Main.storyboard */ = {
			isa = PBXVariantGroup;
			children = (
				700D27701C1752E70040820E /* Base */,
			);
			name = Main.storyboard;
			sourceTree = "<group>";
		};
		700D27741C1752E70040820E /* LaunchScreen.storyboard */ = {
			isa = PBXVariantGroup;
			children = (
				700D27751C1752E70040820E /* Base */,
			);
			name = LaunchScreen.storyboard;
			sourceTree = "<group>";
		};
/* End PBXVariantGroup section */

/* Begin XCBuildConfiguration section */
		700D27781C1752E70040820E /* Debug */ = {
			isa = XCBuildConfiguration;
			buildSettings = {
				ALWAYS_SEARCH_USER_PATHS = NO;
				CLANG_CXX_LANGUAGE_STANDARD = "gnu++0x";
				CLANG_CXX_LIBRARY = "libc++";
				CLANG_ENABLE_MODULES = YES;
				CLANG_ENABLE_OBJC_ARC = YES;
				CLANG_WARN_BOOL_CONVERSION = YES;
				CLANG_WARN_CONSTANT_CONVERSION = YES;
				CLANG_WARN_DIRECT_OBJC_ISA_USAGE = YES_ERROR;
				CLANG_WARN_EMPTY_BODY = YES;
				CLANG_WARN_ENUM_CONVERSION = YES;
				CLANG_WARN_INT_CONVERSION = YES;
				CLANG_WARN_OBJC_ROOT_CLASS = YES_ERROR;
				CLANG_WARN_UNREACHABLE_CODE = YES;
				CLANG_WARN__DUPLICATE_METHOD_MATCH = YES;
				"CODE_SIGN_IDENTITY[sdk=iphoneos*]" = "iPhone Developer";
				COPY_PHASE_STRIP = NO;
				DEBUG_INFORMATION_FORMAT = dwarf;
				ENABLE_STRICT_OBJC_MSGSEND = YES;
				ENABLE_TESTABILITY = YES;
				GCC_C_LANGUAGE_STANDARD = gnu99;
				GCC_DYNAMIC_NO_PIC = NO;
				GCC_NO_COMMON_BLOCKS = YES;
				GCC_OPTIMIZATION_LEVEL = 0;
				GCC_PREPROCESSOR_DEFINITIONS = (
					"DEBUG=1",
					"$(inherited)",
				);
				GCC_WARN_64_TO_32_BIT_CONVERSION = YES;
				GCC_WARN_ABOUT_RETURN_TYPE = YES_ERROR;
				GCC_WARN_UNDECLARED_SELECTOR = YES;
				GCC_WARN_UNINITIALIZED_AUTOS = YES_AGGRESSIVE;
				GCC_WARN_UNUSED_FUNCTION = YES;
				GCC_WARN_UNUSED_VARIABLE = YES;
				IPHONEOS_DEPLOYMENT_TARGET = 9.1;
				MTL_ENABLE_DEBUG_INFO = YES;
				ONLY_ACTIVE_ARCH = YES;
				SDKROOT = iphoneos;
				SWIFT_OPTIMIZATION_LEVEL = "-Onone";
				TARGETED_DEVICE_FAMILY = "1,2";
			};
			name = Debug;
		};
		700D27791C1752E70040820E /* Release */ = {
			isa = XCBuildConfiguration;
			buildSettings = {
				ALWAYS_SEARCH_USER_PATHS = NO;
				CLANG_CXX_LANGUAGE_STANDARD = "gnu++0x";
				CLANG_CXX_LIBRARY = "libc++";
				CLANG_ENABLE_MODULES = YES;
				CLANG_ENABLE_OBJC_ARC = YES;
				CLANG_WARN_BOOL_CONVERSION = YES;
				CLANG_WARN_CONSTANT_CONVERSION = YES;
				CLANG_WARN_DIRECT_OBJC_ISA_USAGE = YES_ERROR;
				CLANG_WARN_EMPTY_BODY = YES;
				CLANG_WARN_ENUM_CONVERSION = YES;
				CLANG_WARN_INT_CONVERSION = YES;
				CLANG_WARN_OBJC_ROOT_CLASS = YES_ERROR;
				CLANG_WARN_UNREACHABLE_CODE = YES;
				CLANG_WARN__DUPLICATE_METHOD_MATCH = YES;
				"CODE_SIGN_IDENTITY[sdk=iphoneos*]" = "iPhone Developer";
				COPY_PHASE_STRIP = NO;
				DEBUG_INFORMATION_FORMAT = "dwarf-with-dsym";
				ENABLE_NS_ASSERTIONS = NO;
				ENABLE_STRICT_OBJC_MSGSEND = YES;
				GCC_C_LANGUAGE_STANDARD = gnu99;
				GCC_NO_COMMON_BLOCKS = YES;
				GCC_WARN_64_TO_32_BIT_CONVERSION = YES;
				GCC_WARN_ABOUT_RETURN_TYPE = YES_ERROR;
				GCC_WARN_UNDECLARED_SELECTOR = YES;
				GCC_WARN_UNINITIALIZED_AUTOS = YES_AGGRESSIVE;
				GCC_WARN_UNUSED_FUNCTION = YES;
				GCC_WARN_UNUSED_VARIABLE = YES;
				IPHONEOS_DEPLOYMENT_TARGET = 9.1;
				MTL_ENABLE_DEBUG_INFO = NO;
				SDKROOT = iphoneos;
				TARGETED_DEVICE_FAMILY = "1,2";
				VALIDATE_PRODUCT = YES;
			};
			name = Release;
		};
		700D277B1C1752E70040820E /* Debug */ = {
			isa = XCBuildConfiguration;
			buildSettings = {
				ASSETCATALOG_COMPILER_APPICON_NAME = AppIcon;
				CODE_SIGN_IDENTITY = "iPhone Developer";
				"CODE_SIGN_IDENTITY[sdk=iphoneos*]" = "iPhone Developer";
				INFOPLIST_FILE = HashtagableTextView/Info.plist;
				IPHONEOS_DEPLOYMENT_TARGET = 8.0;
				LD_RUNPATH_SEARCH_PATHS = "$(inherited) @executable_path/Frameworks";
				PRODUCT_BUNDLE_IDENTIFIER = com.albertbori.ios.HashtagableTextView;
				PRODUCT_NAME = "$(TARGET_NAME)";
				PROVISIONING_PROFILE = "";
			};
			name = Debug;
		};
		700D277C1C1752E70040820E /* Release */ = {
			isa = XCBuildConfiguration;
			buildSettings = {
				ASSETCATALOG_COMPILER_APPICON_NAME = AppIcon;
				CODE_SIGN_IDENTITY = "iPhone Developer";
				"CODE_SIGN_IDENTITY[sdk=iphoneos*]" = "iPhone Developer";
				INFOPLIST_FILE = HashtagableTextView/Info.plist;
				IPHONEOS_DEPLOYMENT_TARGET = 8.0;
				LD_RUNPATH_SEARCH_PATHS = "$(inherited) @executable_path/Frameworks";
				PRODUCT_BUNDLE_IDENTIFIER = com.albertbori.ios.HashtagableTextView;
				PRODUCT_NAME = "$(TARGET_NAME)";
				PROVISIONING_PROFILE = "";
			};
			name = Release;
		};
/* End XCBuildConfiguration section */

/* Begin XCConfigurationList section */
		700D27631C1752E70040820E /* Build configuration list for PBXProject "HashtagableTextView" */ = {
			isa = XCConfigurationList;
			buildConfigurations = (
				700D27781C1752E70040820E /* Debug */,
				700D27791C1752E70040820E /* Release */,
			);
			defaultConfigurationIsVisible = 0;
			defaultConfigurationName = Release;
		};
		700D277A1C1752E70040820E /* Build configuration list for PBXNativeTarget "HashtagableTextView" */ = {
			isa = XCConfigurationList;
			buildConfigurations = (
				700D277B1C1752E70040820E /* Debug */,
				700D277C1C1752E70040820E /* Release */,
			);
			defaultConfigurationIsVisible = 0;
			defaultConfigurationName = Release;
		};
/* End XCConfigurationList section */
	};
	rootObject = 700D27601C1752E70040820E /* Project object */;
}
